
Microsoft Visual Studio Solution File, Format Version 12.00
# Visual Studio Version 17
VisualStudioVersion = 17.2.32616.157
MinimumVisualStudioVersion = 10.0.40219.1
Project("{FAE04EC0-301F-11D3-BF4B-00C04F79EFBC}") = "EClerx.ASPNET.Day24", "EClerx.ASPNET.Day24\EClerx.ASPNET.Day24.csproj", "{B9DB68EE-4530-4568-A948-0C17D64C15C3}"
EndProject
Global
	GlobalSection(SolutionConfigurationPlatforms) = preSolution
		Debug|Any CPU = Debug|Any CPU
		Release|Any CPU = Release|Any CPU
	EndGlobalSection
	GlobalSection(ProjectConfigurationPlatforms) = postSolution
		{B9DB68EE-4530-4568-A948-0C17D64C15C3}.Debug|Any CPU.ActiveCfg = Debug|Any CPU
		{B9DB68EE-4530-4568-A948-0C17D64C15C3}.Debug|Any CPU.Build.0 = Debug|Any CPU
		{B9DB68EE-4530-4568-A948-0C17D64C15C3}.Release|Any CPU.ActiveCfg = Release|Any CPU
		{B9DB68EE-4530-4568-A948-0C17D64C15C3}.Release|Any CPU.Build.0 = Release|Any CPU
	EndGlobalSection
	GlobalSection(SolutionProperties) = preSolution
		HideSolutionNode = FALSE
	EndGlobalSection
	GlobalSection(ExtensibilityGlobals) = postSolution
		SolutionGuid = {7D425EC7-A19B-4168-8E44-50943955F761}
	EndGlobalSection
EndGlobal
